PODS:
  - Argo (3.0.1)
  - Curry (2.2.0)
  - ReactiveCocoa (4.1.0):
    - ReactiveCocoa/UI (= 4.1.0)
    - Result (~> 2.0)
  - ReactiveCocoa/Core (4.1.0):
    - ReactiveCocoa/no-arc
    - Result (~> 2.0)
  - ReactiveCocoa/no-arc (4.1.0):
    - Result (~> 2.0)
  - ReactiveCocoa/UI (4.1.0):
    - ReactiveCocoa/Core
    - Result (~> 2.0)
  - Result (2.0.0)

DEPENDENCIES:
  - Argo
  - Curry
  - ReactiveCocoa

SPEC CHECKSUMS:
  Argo: 22c5d62b7967020a641468c91dc9488bea9523b8
  Curry: c22d80fff7f5a4b1bbd531455c3e2dbb099658a3
  ReactiveCocoa: d70004d7a366a7b8e87e60ce2347182c77701949
  Result: 9e75e1111c774c6ac594e14907b15057053a7959

PODFILE CHECKSUM: 190c83d2f629c92b3db7a79600eac1aa932393f0

COCOAPODS: 1.0.0
